{
  "nodes": {
    "nixos-hardware": {
      "locked": {
        "lastModified": 1641965797,
        "narHash": "sha256-AfxfIzAZbt9aAzpVBn0Bwhd/M4Wix7G91kEjm9H6FPo=",
        "owner": "NixOS",
        "repo": "nixos-hardware",
        "rev": "87a35a0d58f546dc23f37b4f6af575d0e4be6a7a",
        "type": "github"
      },
      "original": {
        "id": "nixos-hardware",
        "type": "indirect"
      }
    },
    "nixpkgs": {
      "locked": {
        "lastModified": 1643169865,
        "narHash": "sha256-+KIpNRazbc8Gac9jdWCKQkFv9bjceaLaLhlwqUEYu8c=",
        "owner": "nixos",
        "repo": "nixpkgs",
        "rev": "945ec499041db73043f745fad3b2a3a01e826081",
        "type": "github"
      },
      "original": {
        "owner": "nixos",
        "ref": "nixos-unstable",
        "repo": "nixpkgs",
        "type": "github"
      }
    },
    "nixpkgs-unstable": {
      "locked": {
        "lastModified": 1643119265,
        "narHash": "sha256-mmDEctIkHSWcC/HRpeaw6QOe+DbNOSzc0wsXAHOZWwo=",
        "owner": "NixOS",
        "repo": "nixpkgs",
        "rev": "b05d2077ebe219f6a47825767f8bab5c6211d200",
        "type": "github"
      },
      "original": {
        "id": "nixpkgs",
        "type": "indirect"
      }
    },
    "root": {
      "inputs": {
        "nixos-hardware": "nixos-hardware",
        "nixpkgs": "nixpkgs",
        "nixpkgs-unstable": "nixpkgs-unstable"
      }
    }
  },
  "root": "root",
  "version": 7
}
